Microsoft Visual Studio Solution File, Format Version 11.00
# Visual Studio 2008

Project("{C5FE38D1-3967-6B44-4380-BB060BF49D80}") = "RealisticCounterTerrorFPS", "Assembly-CSharp-firstpass.csproj", "{CC5D5A6E-A2EF-2A5A-25CD-9C9796129778}"
EndProject
Project("{C5FE38D1-3967-6B44-4380-BB060BF49D80}") = "RealisticCounterTerrorFPS", "Assembly-CSharp.csproj", "{041156CE-47FA-9FC9-6293-AA81D328ED93}"
EndProject
Project("{C5FE38D1-3967-6B44-4380-BB060BF49D80}") = "RealisticCounterTerrorFPS", "Assembly-CSharp-Editor.csproj", "{82B741A1-3348-FA71-6A9B-790B0DA8E38C}"
EndProject
Project("{C5FE38D1-3967-6B44-4380-BB060BF49D80}") = "RealisticCounterTerrorFPS", "Assembly-UnityScript-firstpass.unityproj", "{9056738C-B312-8A42-4BEE-CCFE0DD47A67}"
EndProject
Global
	GlobalSection(SolutionConfigurationPlatforms) = preSolution
		Debug|Any CPU = Debug|Any CPU
		Release|Any CPU = Release|Any CPU
	EndGlobalSection
	GlobalSection(ProjectConfigurationPlatforms) = postSolution
		{CC5D5A6E-A2EF-2A5A-25CD-9C9796129778}.Debug|Any CPU.ActiveCfg = Debug|Any CPU
		{CC5D5A6E-A2EF-2A5A-25CD-9C9796129778}.Debug|Any CPU.Build.0 = Debug|Any CPU
		{CC5D5A6E-A2EF-2A5A-25CD-9C9796129778}.Release|Any CPU.ActiveCfg = Release|Any CPU
		{CC5D5A6E-A2EF-2A5A-25CD-9C9796129778}.Release|Any CPU.Build.0 = Release|Any CPU
		{041156CE-47FA-9FC9-6293-AA81D328ED93}.Debug|Any CPU.ActiveCfg = Debug|Any CPU
		{041156CE-47FA-9FC9-6293-AA81D328ED93}.Debug|Any CPU.Build.0 = Debug|Any CPU
		{041156CE-47FA-9FC9-6293-AA81D328ED93}.Release|Any CPU.ActiveCfg = Release|Any CPU
		{041156CE-47FA-9FC9-6293-AA81D328ED93}.Release|Any CPU.Build.0 = Release|Any CPU
		{82B741A1-3348-FA71-6A9B-790B0DA8E38C}.Debug|Any CPU.ActiveCfg = Debug|Any CPU
		{82B741A1-3348-FA71-6A9B-790B0DA8E38C}.Debug|Any CPU.Build.0 = Debug|Any CPU
		{82B741A1-3348-FA71-6A9B-790B0DA8E38C}.Release|Any CPU.ActiveCfg = Release|Any CPU
		{82B741A1-3348-FA71-6A9B-790B0DA8E38C}.Release|Any CPU.Build.0 = Release|Any CPU
		{9056738C-B312-8A42-4BEE-CCFE0DD47A67}.Debug|Any CPU.ActiveCfg = Debug|Any CPU
		{9056738C-B312-8A42-4BEE-CCFE0DD47A67}.Debug|Any CPU.Build.0 = Debug|Any CPU
		{9056738C-B312-8A42-4BEE-CCFE0DD47A67}.Release|Any CPU.ActiveCfg = Release|Any CPU
		{9056738C-B312-8A42-4BEE-CCFE0DD47A67}.Release|Any CPU.Build.0 = Release|Any CPU
	EndGlobalSection
	GlobalSection(SolutionProperties) = preSolution
		HideSolutionNode = FALSE
	EndGlobalSection
																																								GlobalSection(MonoDevelopProperties) = preSolution
		StartupItem = Assembly-CSharp.csproj
		Policies = $0
		$0.TextStylePolicy = $1
		$1.inheritsSet = null
		$1.scope = text/x-csharp
		$0.CSharpFormattingPolicy = $2
		$2.inheritsSet = Mono
		$2.inheritsScope = text/x-csharp
		$2.scope = text/x-csharp
		$0.TextStylePolicy = $3
		$3.FileWidth = 120
		$3.TabWidth = 4
		$3.EolMarker = Unix
		$3.inheritsSet = Mono
		$3.inheritsScope = text/plain
		$3.scope = text/plain
	EndGlobalSection

EndGlobal
